
Microsoft Visual Studio Solution File, Format Version 11.00
# Visual Studio 2010
Project("{FAE04EC0-301F-11D3-BF4B-00C04F79EFBC}") = "Assembly-CSharp", "Assembly-CSharp.csproj", "{4C27D817-5105-C476-6913-4631DC385B13}"
EndProject
Project("{FAE04EC0-301F-11D3-BF4B-00C04F79EFBC}") = "WebXR", "WebXR.csproj", "{0AA9E5BB-1919-DA94-C1C0-8605BD28F343}"
EndProject
Project("{FAE04EC0-301F-11D3-BF4B-00C04F79EFBC}") = "Assembly-CSharp-Editor", "Assembly-CSharp-Editor.csproj", "{711DD5E8-1AA9-33C8-DFAC-DC7D501FC53B}"
EndProject
Global
	GlobalSection(SolutionConfigurationPlatforms) = preSolution
		Debug|Any CPU = Debug|Any CPU
		Release|Any CPU = Release|Any CPU
	EndGlobalSection
	GlobalSection(ProjectConfigurationPlatforms) = postSolution
		{4C27D817-5105-C476-6913-4631DC385B13}.Debug|Any CPU.ActiveCfg = Debug|Any CPU
		{4C27D817-5105-C476-6913-4631DC385B13}.Debug|Any CPU.Build.0 = Debug|Any CPU
		{4C27D817-5105-C476-6913-4631DC385B13}.Release|Any CPU.ActiveCfg = Release|Any CPU
		{4C27D817-5105-C476-6913-4631DC385B13}.Release|Any CPU.Build.0 = Release|Any CPU
		{0AA9E5BB-1919-DA94-C1C0-8605BD28F343}.Debug|Any CPU.ActiveCfg = Debug|Any CPU
		{0AA9E5BB-1919-DA94-C1C0-8605BD28F343}.Debug|Any CPU.Build.0 = Debug|Any CPU
		{0AA9E5BB-1919-DA94-C1C0-8605BD28F343}.Release|Any CPU.ActiveCfg = Release|Any CPU
		{0AA9E5BB-1919-DA94-C1C0-8605BD28F343}.Release|Any CPU.Build.0 = Release|Any CPU
		{711DD5E8-1AA9-33C8-DFAC-DC7D501FC53B}.Debug|Any CPU.ActiveCfg = Debug|Any CPU
		{711DD5E8-1AA9-33C8-DFAC-DC7D501FC53B}.Debug|Any CPU.Build.0 = Debug|Any CPU
		{711DD5E8-1AA9-33C8-DFAC-DC7D501FC53B}.Release|Any CPU.ActiveCfg = Release|Any CPU
		{711DD5E8-1AA9-33C8-DFAC-DC7D501FC53B}.Release|Any CPU.Build.0 = Release|Any CPU
	EndGlobalSection
	GlobalSection(SolutionProperties) = preSolution
		HideSolutionNode = FALSE
	EndGlobalSection
EndGlobal
